
Microsoft Visual Studio Solution File, Format Version 11.00
# Visual Studio 2010
Project("{FAE04EC0-301F-11D3-BF4B-00C04F79EFBC}") = "VRC.SDKBase", "VRC.SDKBase.csproj", "{218EB132-4519-7FDA-64FF-5C0F5A6054D6}"
EndProject
Project("{FAE04EC0-301F-11D3-BF4B-00C04F79EFBC}") = "VRC.Udon.Serialization.OdinSerializer", "VRC.Udon.Serialization.OdinSerializer.csproj", "{E4C64DD0-F49E-9A8D-7FAA-199FBCE189ED}"
EndProject
Project("{FAE04EC0-301F-11D3-BF4B-00C04F79EFBC}") = "UniTask", "UniTask.csproj", "{9D7F3CDF-3145-83A0-523B-5CFE6C2E9561}"
EndProject
Project("{FAE04EC0-301F-11D3-BF4B-00C04F79EFBC}") = "UdonSharp.Runtime", "UdonSharp.Runtime.csproj", "{57377158-E818-A17A-83B3-424A1305C653}"
EndProject
Project("{FAE04EC0-301F-11D3-BF4B-00C04F79EFBC}") = "VRC.Udon", "VRC.Udon.csproj", "{80C85AA4-4863-8A89-6A54-379065AB1F84}"
EndProject
Project("{FAE04EC0-301F-11D3-BF4B-00C04F79EFBC}") = "UniTask.Linq", "UniTask.Linq.csproj", "{3D19F0A4-DD35-214C-7884-CCA1F9735552}"
EndProject
Project("{FAE04EC0-301F-11D3-BF4B-00C04F79EFBC}") = "VRC.ClientSim", "VRC.ClientSim.csproj", "{9226FC0C-34FF-5A2F-6157-6809DA3BDED3}"
EndProject
Project("{FAE04EC0-301F-11D3-BF4B-00C04F79EFBC}") = "Assembly-CSharp", "Assembly-CSharp.csproj", "{A10C66E5-BF3B-ACB5-9732-7FD94BDBB85B}"
EndProject
Project("{FAE04EC0-301F-11D3-BF4B-00C04F79EFBC}") = "VRC.SDK3", "VRC.SDK3.csproj", "{90A964F4-9447-24C3-EAC8-F5C393E0D7CF}"
EndProject
Project("{FAE04EC0-301F-11D3-BF4B-00C04F79EFBC}") = "UdonSharp.Lib", "UdonSharp.Lib.csproj", "{9DE55C25-9411-1E96-DC15-B74CD479A5E1}"
EndProject
Project("{FAE04EC0-301F-11D3-BF4B-00C04F79EFBC}") = "VRC.SDKBase.Editor.BuildPipeline", "VRC.SDKBase.Editor.BuildPipeline.csproj", "{969AE27E-1E47-87F2-A1A9-A4CC7088D22C}"
EndProject
Project("{FAE04EC0-301F-11D3-BF4B-00C04F79EFBC}") = "UniTask.TextMeshPro", "UniTask.TextMeshPro.csproj", "{C57B5C78-AB99-1D34-9B7E-6B80A77ED914}"
EndProject
Project("{FAE04EC0-301F-11D3-BF4B-00C04F79EFBC}") = "UniTask.DOTween", "UniTask.DOTween.csproj", "{9C9C120A-315A-05A7-D26D-B8956501DFCD}"
EndProject
Project("{FAE04EC0-301F-11D3-BF4B-00C04F79EFBC}") = "UniTask.Addressables", "UniTask.Addressables.csproj", "{8B8320B9-80EF-FF44-C24D-1A99D98303BC}"
EndProject
Project("{FAE04EC0-301F-11D3-BF4B-00C04F79EFBC}") = "UdonSharp.Editor", "UdonSharp.Editor.csproj", "{EEA3EA63-02A5-F5EA-1740-43500BDE3064}"
EndProject
Project("{FAE04EC0-301F-11D3-BF4B-00C04F79EFBC}") = "VRC.SDKBase.Editor", "VRC.SDKBase.Editor.csproj", "{70627D46-2AFF-7EFF-86E9-0176B4E157B0}"
EndProject
Project("{FAE04EC0-301F-11D3-BF4B-00C04F79EFBC}") = "VRC.Udon.Editor", "VRC.Udon.Editor.csproj", "{CA217487-A017-EE72-2296-5BE99A7EDE07}"
EndProject
Project("{FAE04EC0-301F-11D3-BF4B-00C04F79EFBC}") = "VRC.SDK3.Editor", "VRC.SDK3.Editor.csproj", "{3FF021C5-05BE-1342-FED2-E33FD56D042D}"
EndProject
Project("{FAE04EC0-301F-11D3-BF4B-00C04F79EFBC}") = "VRC.SDKBase.Editor.ShaderStripping", "VRC.SDKBase.Editor.ShaderStripping.csproj", "{64947E3E-D608-474B-E79D-6F4BD72B4A23}"
EndProject
Project("{FAE04EC0-301F-11D3-BF4B-00C04F79EFBC}") = "com.vrchat.core.vpm-resolver.Editor", "com.vrchat.core.vpm-resolver.Editor.csproj", "{65667865-49CB-43BF-E940-1C0A34685B76}"
EndProject
Project("{FAE04EC0-301F-11D3-BF4B-00C04F79EFBC}") = "VRC.ClientSim.Editor", "VRC.ClientSim.Editor.csproj", "{243DA5E8-91B6-2FC1-F9E5-4DD05800D154}"
EndProject
Project("{FAE04EC0-301F-11D3-BF4B-00C04F79EFBC}") = "UniTask.Editor", "UniTask.Editor.csproj", "{B44AF7AD-2E66-D8A1-98AF-E91C7833E9A0}"
EndProject
Project("{FAE04EC0-301F-11D3-BF4B-00C04F79EFBC}") = "UnityEditorTests", "UnityEditorTests.csproj", "{06AD7320-47F7-8917-EF61-0D01F6BCB7DD}"
EndProject
Global
	GlobalSection(SolutionConfigurationPlatforms) = preSolution
		Debug|Any CPU = Debug|Any CPU
		Release|Any CPU = Release|Any CPU
	EndGlobalSection
	GlobalSection(ProjectConfigurationPlatforms) = postSolution
		{218EB132-4519-7FDA-64FF-5C0F5A6054D6}.Debug|Any CPU.ActiveCfg = Debug|Any CPU
		{218EB132-4519-7FDA-64FF-5C0F5A6054D6}.Debug|Any CPU.Build.0 = Debug|Any CPU
		{218EB132-4519-7FDA-64FF-5C0F5A6054D6}.Release|Any CPU.ActiveCfg = Release|Any CPU
		{218EB132-4519-7FDA-64FF-5C0F5A6054D6}.Release|Any CPU.Build.0 = Release|Any CPU
		{E4C64DD0-F49E-9A8D-7FAA-199FBCE189ED}.Debug|Any CPU.ActiveCfg = Debug|Any CPU
		{E4C64DD0-F49E-9A8D-7FAA-199FBCE189ED}.Debug|Any CPU.Build.0 = Debug|Any CPU
		{E4C64DD0-F49E-9A8D-7FAA-199FBCE189ED}.Release|Any CPU.ActiveCfg = Release|Any CPU
		{E4C64DD0-F49E-9A8D-7FAA-199FBCE189ED}.Release|Any CPU.Build.0 = Release|Any CPU
		{9D7F3CDF-3145-83A0-523B-5CFE6C2E9561}.Debug|Any CPU.ActiveCfg = Debug|Any CPU
		{9D7F3CDF-3145-83A0-523B-5CFE6C2E9561}.Debug|Any CPU.Build.0 = Debug|Any CPU
		{9D7F3CDF-3145-83A0-523B-5CFE6C2E9561}.Release|Any CPU.ActiveCfg = Release|Any CPU
		{9D7F3CDF-3145-83A0-523B-5CFE6C2E9561}.Release|Any CPU.Build.0 = Release|Any CPU
		{57377158-E818-A17A-83B3-424A1305C653}.Debug|Any CPU.ActiveCfg = Debug|Any CPU
		{57377158-E818-A17A-83B3-424A1305C653}.Debug|Any CPU.Build.0 = Debug|Any CPU
		{57377158-E818-A17A-83B3-424A1305C653}.Release|Any CPU.ActiveCfg = Release|Any CPU
		{57377158-E818-A17A-83B3-424A1305C653}.Release|Any CPU.Build.0 = Release|Any CPU
		{80C85AA4-4863-8A89-6A54-379065AB1F84}.Debug|Any CPU.ActiveCfg = Debug|Any CPU
		{80C85AA4-4863-8A89-6A54-379065AB1F84}.Debug|Any CPU.Build.0 = Debug|Any CPU
		{80C85AA4-4863-8A89-6A54-379065AB1F84}.Release|Any CPU.ActiveCfg = Release|Any CPU
		{80C85AA4-4863-8A89-6A54-379065AB1F84}.Release|Any CPU.Build.0 = Release|Any CPU
		{3D19F0A4-DD35-214C-7884-CCA1F9735552}.Debug|Any CPU.ActiveCfg = Debug|Any CPU
		{3D19F0A4-DD35-214C-7884-CCA1F9735552}.Debug|Any CPU.Build.0 = Debug|Any CPU
		{3D19F0A4-DD35-214C-7884-CCA1F9735552}.Release|Any CPU.ActiveCfg = Release|Any CPU
		{3D19F0A4-DD35-214C-7884-CCA1F9735552}.Release|Any CPU.Build.0 = Release|Any CPU
		{9226FC0C-34FF-5A2F-6157-6809DA3BDED3}.Debug|Any CPU.ActiveCfg = Debug|Any CPU
		{9226FC0C-34FF-5A2F-6157-6809DA3BDED3}.Debug|Any CPU.Build.0 = Debug|Any CPU
		{9226FC0C-34FF-5A2F-6157-6809DA3BDED3}.Release|Any CPU.ActiveCfg = Release|Any CPU
		{9226FC0C-34FF-5A2F-6157-6809DA3BDED3}.Release|Any CPU.Build.0 = Release|Any CPU
		{A10C66E5-BF3B-ACB5-9732-7FD94BDBB85B}.Debug|Any CPU.ActiveCfg = Debug|Any CPU
		{A10C66E5-BF3B-ACB5-9732-7FD94BDBB85B}.Debug|Any CPU.Build.0 = Debug|Any CPU
		{A10C66E5-BF3B-ACB5-9732-7FD94BDBB85B}.Release|Any CPU.ActiveCfg = Release|Any CPU
		{A10C66E5-BF3B-ACB5-9732-7FD94BDBB85B}.Release|Any CPU.Build.0 = Release|Any CPU
		{90A964F4-9447-24C3-EAC8-F5C393E0D7CF}.Debug|Any CPU.ActiveCfg = Debug|Any CPU
		{90A964F4-9447-24C3-EAC8-F5C393E0D7CF}.Debug|Any CPU.Build.0 = Debug|Any CPU
		{90A964F4-9447-24C3-EAC8-F5C393E0D7CF}.Release|Any CPU.ActiveCfg = Release|Any CPU
		{90A964F4-9447-24C3-EAC8-F5C393E0D7CF}.Release|Any CPU.Build.0 = Release|Any CPU
		{9DE55C25-9411-1E96-DC15-B74CD479A5E1}.Debug|Any CPU.ActiveCfg = Debug|Any CPU
		{9DE55C25-9411-1E96-DC15-B74CD479A5E1}.Debug|Any CPU.Build.0 = Debug|Any CPU
		{9DE55C25-9411-1E96-DC15-B74CD479A5E1}.Release|Any CPU.ActiveCfg = Release|Any CPU
		{9DE55C25-9411-1E96-DC15-B74CD479A5E1}.Release|Any CPU.Build.0 = Release|Any CPU
		{969AE27E-1E47-87F2-A1A9-A4CC7088D22C}.Debug|Any CPU.ActiveCfg = Debug|Any CPU
		{969AE27E-1E47-87F2-A1A9-A4CC7088D22C}.Debug|Any CPU.Build.0 = Debug|Any CPU
		{969AE27E-1E47-87F2-A1A9-A4CC7088D22C}.Release|Any CPU.ActiveCfg = Release|Any CPU
		{969AE27E-1E47-87F2-A1A9-A4CC7088D22C}.Release|Any CPU.Build.0 = Release|Any CPU
		{C57B5C78-AB99-1D34-9B7E-6B80A77ED914}.Debug|Any CPU.ActiveCfg = Debug|Any CPU
		{C57B5C78-AB99-1D34-9B7E-6B80A77ED914}.Debug|Any CPU.Build.0 = Debug|Any CPU
		{C57B5C78-AB99-1D34-9B7E-6B80A77ED914}.Release|Any CPU.ActiveCfg = Release|Any CPU
		{C57B5C78-AB99-1D34-9B7E-6B80A77ED914}.Release|Any CPU.Build.0 = Release|Any CPU
		{9C9C120A-315A-05A7-D26D-B8956501DFCD}.Debug|Any CPU.ActiveCfg = Debug|Any CPU
		{9C9C120A-315A-05A7-D26D-B8956501DFCD}.Debug|Any CPU.Build.0 = Debug|Any CPU
		{9C9C120A-315A-05A7-D26D-B8956501DFCD}.Release|Any CPU.ActiveCfg = Release|Any CPU
		{9C9C120A-315A-05A7-D26D-B8956501DFCD}.Release|Any CPU.Build.0 = Release|Any CPU
		{8B8320B9-80EF-FF44-C24D-1A99D98303BC}.Debug|Any CPU.ActiveCfg = Debug|Any CPU
		{8B8320B9-80EF-FF44-C24D-1A99D98303BC}.Debug|Any CPU.Build.0 = Debug|Any CPU
		{8B8320B9-80EF-FF44-C24D-1A99D98303BC}.Release|Any CPU.ActiveCfg = Release|Any CPU
		{8B8320B9-80EF-FF44-C24D-1A99D98303BC}.Release|Any CPU.Build.0 = Release|Any CPU
		{EEA3EA63-02A5-F5EA-1740-43500BDE3064}.Debug|Any CPU.ActiveCfg = Debug|Any CPU
		{EEA3EA63-02A5-F5EA-1740-43500BDE3064}.Debug|Any CPU.Build.0 = Debug|Any CPU
		{EEA3EA63-02A5-F5EA-1740-43500BDE3064}.Release|Any CPU.ActiveCfg = Release|Any CPU
		{EEA3EA63-02A5-F5EA-1740-43500BDE3064}.Release|Any CPU.Build.0 = Release|Any CPU
		{70627D46-2AFF-7EFF-86E9-0176B4E157B0}.Debug|Any CPU.ActiveCfg = Debug|Any CPU
		{70627D46-2AFF-7EFF-86E9-0176B4E157B0}.Debug|Any CPU.Build.0 = Debug|Any CPU
		{70627D46-2AFF-7EFF-86E9-0176B4E157B0}.Release|Any CPU.ActiveCfg = Release|Any CPU
		{70627D46-2AFF-7EFF-86E9-0176B4E157B0}.Release|Any CPU.Build.0 = Release|Any CPU
		{CA217487-A017-EE72-2296-5BE99A7EDE07}.Debug|Any CPU.ActiveCfg = Debug|Any CPU
		{CA217487-A017-EE72-2296-5BE99A7EDE07}.Debug|Any CPU.Build.0 = Debug|Any CPU
		{CA217487-A017-EE72-2296-5BE99A7EDE07}.Release|Any CPU.ActiveCfg = Release|Any CPU
		{CA217487-A017-EE72-2296-5BE99A7EDE07}.Release|Any CPU.Build.0 = Release|Any CPU
		{3FF021C5-05BE-1342-FED2-E33FD56D042D}.Debug|Any CPU.ActiveCfg = Debug|Any CPU
		{3FF021C5-05BE-1342-FED2-E33FD56D042D}.Debug|Any CPU.Build.0 = Debug|Any CPU
		{3FF021C5-05BE-1342-FED2-E33FD56D042D}.Release|Any CPU.ActiveCfg = Release|Any CPU
		{3FF021C5-05BE-1342-FED2-E33FD56D042D}.Release|Any CPU.Build.0 = Release|Any CPU
		{64947E3E-D608-474B-E79D-6F4BD72B4A23}.Debug|Any CPU.ActiveCfg = Debug|Any CPU
		{64947E3E-D608-474B-E79D-6F4BD72B4A23}.Debug|Any CPU.Build.0 = Debug|Any CPU
		{64947E3E-D608-474B-E79D-6F4BD72B4A23}.Release|Any CPU.ActiveCfg = Release|Any CPU
		{64947E3E-D608-474B-E79D-6F4BD72B4A23}.Release|Any CPU.Build.0 = Release|Any CPU
		{65667865-49CB-43BF-E940-1C0A34685B76}.Debug|Any CPU.ActiveCfg = Debug|Any CPU
		{65667865-49CB-43BF-E940-1C0A34685B76}.Debug|Any CPU.Build.0 = Debug|Any CPU
		{65667865-49CB-43BF-E940-1C0A34685B76}.Release|Any CPU.ActiveCfg = Release|Any CPU
		{65667865-49CB-43BF-E940-1C0A34685B76}.Release|Any CPU.Build.0 = Release|Any CPU
		{243DA5E8-91B6-2FC1-F9E5-4DD05800D154}.Debug|Any CPU.ActiveCfg = Debug|Any CPU
		{243DA5E8-91B6-2FC1-F9E5-4DD05800D154}.Debug|Any CPU.Build.0 = Debug|Any CPU
		{243DA5E8-91B6-2FC1-F9E5-4DD05800D154}.Release|Any CPU.ActiveCfg = Release|Any CPU
		{243DA5E8-91B6-2FC1-F9E5-4DD05800D154}.Release|Any CPU.Build.0 = Release|Any CPU
		{B44AF7AD-2E66-D8A1-98AF-E91C7833E9A0}.Debug|Any CPU.ActiveCfg = Debug|Any CPU
		{B44AF7AD-2E66-D8A1-98AF-E91C7833E9A0}.Debug|Any CPU.Build.0 = Debug|Any CPU
		{B44AF7AD-2E66-D8A1-98AF-E91C7833E9A0}.Release|Any CPU.ActiveCfg = Release|Any CPU
		{B44AF7AD-2E66-D8A1-98AF-E91C7833E9A0}.Release|Any CPU.Build.0 = Release|Any CPU
		{06AD7320-47F7-8917-EF61-0D01F6BCB7DD}.Debug|Any CPU.ActiveCfg = Debug|Any CPU
		{06AD7320-47F7-8917-EF61-0D01F6BCB7DD}.Debug|Any CPU.Build.0 = Debug|Any CPU
		{06AD7320-47F7-8917-EF61-0D01F6BCB7DD}.Release|Any CPU.ActiveCfg = Release|Any CPU
		{06AD7320-47F7-8917-EF61-0D01F6BCB7DD}.Release|Any CPU.Build.0 = Release|Any CPU
	EndGlobalSection
	GlobalSection(SolutionProperties) = preSolution
		HideSolutionNode = FALSE
	EndGlobalSection
EndGlobal
